
Microsoft Visual Studio Solution File, Format Version 12.00
# Visual Studio 2012
Project("{FAE04EC0-301F-11D3-BF4B-00C04F79EFBC}") = "Ejercicio69", "Ejercicio69\Ejercicio69.csproj", "{989DA6F6-9C6F-406C-B50D-6B6725B6D44E}"
EndProject
Global
	GlobalSection(SolutionConfigurationPlatforms) = preSolution
		Debug|Any CPU = Debug|Any CPU
		Release|Any CPU = Release|Any CPU
	EndGlobalSection
	GlobalSection(ProjectConfigurationPlatforms) = postSolution
		{989DA6F6-9C6F-406C-B50D-6B6725B6D44E}.Debug|Any CPU.ActiveCfg = Debug|Any CPU
		{989DA6F6-9C6F-406C-B50D-6B6725B6D44E}.Debug|Any CPU.Build.0 = Debug|Any CPU
		{989DA6F6-9C6F-406C-B50D-6B6725B6D44E}.Release|Any CPU.ActiveCfg = Release|Any CPU
		{989DA6F6-9C6F-406C-B50D-6B6725B6D44E}.Release|Any CPU.Build.0 = Release|Any CPU
	EndGlobalSection
	GlobalSection(SolutionProperties) = preSolution
		HideSolutionNode = FALSE
	EndGlobalSection
EndGlobal
