
Microsoft Visual Studio Solution File, Format Version 12.00
# Visual Studio Express 2012 for Windows Desktop
Project("{FAE04EC0-301F-11D3-BF4B-00C04F79EFBC}") = "Entidades", "Entidades\Entidades.csproj", "{39BA4477-7745-4063-89B8-03FD5DE44230}"
EndProject
Project("{FAE04EC0-301F-11D3-BF4B-00C04F79EFBC}") = "Test", "..\Test\Test.csproj", "{D2EEE277-51AF-4498-834F-6132B44A31BE}"
EndProject
Global
	GlobalSection(SolutionConfigurationPlatforms) = preSolution
		Debug|Any CPU = Debug|Any CPU
		Release|Any CPU = Release|Any CPU
	EndGlobalSection
	GlobalSection(ProjectConfigurationPlatforms) = postSolution
		{39BA4477-7745-4063-89B8-03FD5DE44230}.Debug|Any CPU.ActiveCfg = Debug|Any CPU
		{39BA4477-7745-4063-89B8-03FD5DE44230}.Debug|Any CPU.Build.0 = Debug|Any CPU
		{39BA4477-7745-4063-89B8-03FD5DE44230}.Release|Any CPU.ActiveCfg = Release|Any CPU
		{39BA4477-7745-4063-89B8-03FD5DE44230}.Release|Any CPU.Build.0 = Release|Any CPU
		{D2EEE277-51AF-4498-834F-6132B44A31BE}.Debug|Any CPU.ActiveCfg = Debug|Any CPU
		{D2EEE277-51AF-4498-834F-6132B44A31BE}.Debug|Any CPU.Build.0 = Debug|Any CPU
		{D2EEE277-51AF-4498-834F-6132B44A31BE}.Release|Any CPU.ActiveCfg = Release|Any CPU
		{D2EEE277-51AF-4498-834F-6132B44A31BE}.Release|Any CPU.Build.0 = Release|Any CPU
	EndGlobalSection
	GlobalSection(SolutionProperties) = preSolution
		HideSolutionNode = FALSE
	EndGlobalSection
EndGlobal
