
Microsoft Visual Studio Solution File, Format Version 12.00
# Visual Studio 2012
Project("{FAE04EC0-301F-11D3-BF4B-00C04F79EFBC}") = "Ejercicio", "Ejercicio\Ejercicio.csproj", "{5F07D0CD-22E3-4DBA-87A7-79EAF7C7D398}"
EndProject
Global
	GlobalSection(SolutionConfigurationPlatforms) = preSolution
		Debug|Any CPU = Debug|Any CPU
		Release|Any CPU = Release|Any CPU
	EndGlobalSection
	GlobalSection(ProjectConfigurationPlatforms) = postSolution
		{5F07D0CD-22E3-4DBA-87A7-79EAF7C7D398}.Debug|Any CPU.ActiveCfg = Debug|Any CPU
		{5F07D0CD-22E3-4DBA-87A7-79EAF7C7D398}.Debug|Any CPU.Build.0 = Debug|Any CPU
		{5F07D0CD-22E3-4DBA-87A7-79EAF7C7D398}.Release|Any CPU.ActiveCfg = Release|Any CPU
		{5F07D0CD-22E3-4DBA-87A7-79EAF7C7D398}.Release|Any CPU.Build.0 = Release|Any CPU
	EndGlobalSection
	GlobalSection(SolutionProperties) = preSolution
		HideSolutionNode = FALSE
	EndGlobalSection
EndGlobal
