
Microsoft Visual Studio Solution File, Format Version 12.00
# Visual Studio Express 2012 for Windows Desktop
Project("{FAE04EC0-301F-11D3-BF4B-00C04F79EFBC}") = "WF_Final", "WF_Final\WF_Final.csproj", "{4DD21B44-66F7-41C4-A011-907F6270715C}"
EndProject
Project("{FAE04EC0-301F-11D3-BF4B-00C04F79EFBC}") = "Entidades", "Entidades\Entidades.csproj", "{D4CEA519-F6A7-4692-B1C4-6698BA8AD480}"
EndProject
Global
	GlobalSection(SolutionConfigurationPlatforms) = preSolution
		Debug|Any CPU = Debug|Any CPU
		Release|Any CPU = Release|Any CPU
	EndGlobalSection
	GlobalSection(ProjectConfigurationPlatforms) = postSolution
		{4DD21B44-66F7-41C4-A011-907F6270715C}.Debug|Any CPU.ActiveCfg = Debug|Any CPU
		{4DD21B44-66F7-41C4-A011-907F6270715C}.Debug|Any CPU.Build.0 = Debug|Any CPU
		{4DD21B44-66F7-41C4-A011-907F6270715C}.Release|Any CPU.ActiveCfg = Release|Any CPU
		{4DD21B44-66F7-41C4-A011-907F6270715C}.Release|Any CPU.Build.0 = Release|Any CPU
		{D4CEA519-F6A7-4692-B1C4-6698BA8AD480}.Debug|Any CPU.ActiveCfg = Debug|Any CPU
		{D4CEA519-F6A7-4692-B1C4-6698BA8AD480}.Debug|Any CPU.Build.0 = Debug|Any CPU
		{D4CEA519-F6A7-4692-B1C4-6698BA8AD480}.Release|Any CPU.ActiveCfg = Release|Any CPU
		{D4CEA519-F6A7-4692-B1C4-6698BA8AD480}.Release|Any CPU.Build.0 = Release|Any CPU
	EndGlobalSection
	GlobalSection(SolutionProperties) = preSolution
		HideSolutionNode = FALSE
	EndGlobalSection
EndGlobal
